// !$*UTF8*$!
{
	archiveVersion = 1;
	classes = {
	};
	objectVersion = 46;
	objects = {

/* Begin PBXBuildFile section */
		5C37CD421999B1C00059D663 /* AppDelegate.m in Sources */ = {isa = PBXBuildFile; fileRef = 5C534D15174CEBA7006A2B7B /* AppDelegate.m */; };
		5C37CD431999B1C20059D663 /* AppController.m in Sources */ = {isa = PBXBuildFile; fileRef = 5C534D24174CEC9F006A2B7B /* AppController.m */; };
		5C37CD441999B1C50059D663 /* CFSmpteFormatter.m in Sources */ = {isa = PBXBuildFile; fileRef = 5C8019D71999998A004F84CC /* CFSmpteFormatter.m */; };
		5C37CD451999B1C90059D663 /* CFSmpteTextField.m in Sources */ = {isa = PBXBuildFile; fileRef = 5C8019DB1999A22A004F84CC /* CFSmpteTextField.m */; };
		5C37CD461999B1CE0059D663 /* main.m in Sources */ = {isa = PBXBuildFile; fileRef = 5C534D0E174CEBA7006A2B7B /* main.m */; };
		5C37CD8B1999B5990059D663 /* Main.xib in Resources */ = {isa = PBXBuildFile; fileRef = 5C37CD8D1999B5990059D663 /* Main.xib */; };
		5C534D03174CEBA6006A2B7B /* Cocoa.framework in Frameworks */ = {isa = PBXBuildFile; fileRef = 5C534D02174CEBA6006A2B7B /* Cocoa.framework */; };
		5C534D0D174CEBA6006A2B7B /* InfoPlist.strings in Resources */ = {isa = PBXBuildFile; fileRef = 5C534D0B174CEBA6006A2B7B /* InfoPlist.strings */; };
/* End PBXBuildFile section */

/* Begin PBXFileReference section */
		5C37CD8C1999B5990059D663 /* en */ = {isa = PBXFileReference; lastKnownFileType = file.xib; name = en; path = en.lproj/Main.xib; sourceTree = "<group>"; };
		5C534CFF174CEBA6006A2B7B /* SmpteFormatter.app */ = {isa = PBXFileReference; explicitFileType = wrapper.application; includeInIndex = 0; path = SmpteFormatter.app; sourceTree = BUILT_PRODUCTS_DIR; };
		5C534D02174CEBA6006A2B7B /* Cocoa.framework */ = {isa = PBXFileReference; lastKnownFileType = wrapper.framework; name = Cocoa.framework; path = System/Library/Frameworks/Cocoa.framework; sourceTree = SDKROOT; };
		5C534D05174CEBA6006A2B7B /* AppKit.framework */ = {isa = PBXFileReference; lastKnownFileType = wrapper.framework; name = AppKit.framework; path = System/Library/Frameworks/AppKit.framework; sourceTree = SDKROOT; };
		5C534D06174CEBA6006A2B7B /* CoreData.framework */ = {isa = PBXFileReference; lastKnownFileType = wrapper.framework; name = CoreData.framework; path = System/Library/Frameworks/CoreData.framework; sourceTree = SDKROOT; };
		5C534D07174CEBA6006A2B7B /* Foundation.framework */ = {isa = PBXFileReference; lastKnownFileType = wrapper.framework; name = Foundation.framework; path = System/Library/Frameworks/Foundation.framework; sourceTree = SDKROOT; };
		5C534D0A174CEBA6006A2B7B /* SmpteFormatter-Info.plist */ = {isa = PBXFileReference; lastKnownFileType = text.plist; name = "SmpteFormatter-Info.plist"; path = "Source/SmpteFormatter-Info.plist"; sourceTree = "<group>"; };
		5C534D0C174CEBA6006A2B7B /* en */ = {isa = PBXFileReference; lastKnownFileType = text.plist.strings; name = en; path = en.lproj/InfoPlist.strings; sourceTree = "<group>"; };
		5C534D0E174CEBA7006A2B7B /* main.m */ = {isa = PBXFileReference; lastKnownFileType = sourcecode.c.objc; name = main.m; path = Source/main.m; sourceTree = SOURCE_ROOT; };
		5C534D10174CEBA7006A2B7B /* SmpteFormatter-Prefix.pch */ = {isa = PBXFileReference; lastKnownFileType = sourcecode.c.h; name = "SmpteFormatter-Prefix.pch"; path = "Source/SmpteFormatter-Prefix.pch"; sourceTree = "<group>"; };
		5C534D14174CEBA7006A2B7B /* AppDelegate.h */ = {isa = PBXFileReference; lastKnownFileType = sourcecode.c.h; name = AppDelegate.h; path = Source/AppDelegate.h; sourceTree = "<group>"; };
		5C534D15174CEBA7006A2B7B /* AppDelegate.m */ = {isa = PBXFileReference; lastKnownFileType = sourcecode.c.objc; name = AppDelegate.m; path = Source/AppDelegate.m; sourceTree = SOURCE_ROOT; };
		5C534D23174CEC9F006A2B7B /* AppController.h */ = {isa = PBXFileReference; fileEncoding = 4; lastKnownFileType = sourcecode.c.h; name = AppController.h; path = Source/AppController.h; sourceTree = "<group>"; };
		5C534D24174CEC9F006A2B7B /* AppController.m */ = {isa = PBXFileReference; fileEncoding = 4; lastKnownFileType = sourcecode.c.objc; name = AppController.m; path = Source/AppController.m; sourceTree = SOURCE_ROOT; };
		5C8019D61999998A004F84CC /* CFSmpteFormatter.h */ = {isa = PBXFileReference; fileEncoding = 4; lastKnownFileType = sourcecode.c.h; name = CFSmpteFormatter.h; path = Source/CFSmpteFormatter/CFSmpteFormatter.h; sourceTree = SOURCE_ROOT; };
		5C8019D71999998A004F84CC /* CFSmpteFormatter.m */ = {isa = PBXFileReference; fileEncoding = 4; lastKnownFileType = sourcecode.c.objc; name = CFSmpteFormatter.m; path = Source/CFSmpteFormatter/CFSmpteFormatter.m; sourceTree = SOURCE_ROOT; };
		5C8019DA1999A22A004F84CC /* CFSmpteTextField.h */ = {isa = PBXFileReference; fileEncoding = 4; lastKnownFileType = sourcecode.c.h; name = CFSmpteTextField.h; path = Source/CFSmpteTextField/CFSmpteTextField.h; sourceTree = SOURCE_ROOT; };
		5C8019DB1999A22A004F84CC /* CFSmpteTextField.m */ = {isa = PBXFileReference; fileEncoding = 4; lastKnownFileType = sourcecode.c.objc; name = CFSmpteTextField.m; path = Source/CFSmpteTextField/CFSmpteTextField.m; sourceTree = SOURCE_ROOT; };
		5CA55C74174D01FA0044E483 /* .gitignore */ = {isa = PBXFileReference; lastKnownFileType = text; path = .gitignore; sourceTree = "<group>"; };
		5CA55C75174D02EC0044E483 /* README.md */ = {isa = PBXFileReference; lastKnownFileType = text; path = README.md; sourceTree = "<group>"; };
/* End PBXFileReference section */

/* Begin PBXFrameworksBuildPhase section */
		5C534CFC174CEBA6006A2B7B /* Frameworks */ = {
			isa = PBXFrameworksBuildPhase;
			buildActionMask = 2147483647;
			files = (
				5C534D03174CEBA6006A2B7B /* Cocoa.framework in Frameworks */,
			);
			runOnlyForDeploymentPostprocessing = 0;
		};
/* End PBXFrameworksBuildPhase section */

/* Begin PBXGroup section */
		5C534CF6174CEBA6006A2B7B = {
			isa = PBXGroup;
			children = (
				5CA55C75174D02EC0044E483 /* README.md */,
				5CA55C74174D01FA0044E483 /* .gitignore */,
				5C534D08174CEBA6006A2B7B /* Source */,
				5C534D01174CEBA6006A2B7B /* Frameworks */,
				5C534D00174CEBA6006A2B7B /* Products */,
			);
			sourceTree = "<group>";
		};
		5C534D00174CEBA6006A2B7B /* Products */ = {
			isa = PBXGroup;
			children = (
				5C534CFF174CEBA6006A2B7B /* SmpteFormatter.app */,
			);
			name = Products;
			sourceTree = "<group>";
		};
		5C534D01174CEBA6006A2B7B /* Frameworks */ = {
			isa = PBXGroup;
			children = (
				5C534D02174CEBA6006A2B7B /* Cocoa.framework */,
				5C534D04174CEBA6006A2B7B /* Other Frameworks */,
			);
			name = Frameworks;
			sourceTree = "<group>";
		};
		5C534D04174CEBA6006A2B7B /* Other Frameworks */ = {
			isa = PBXGroup;
			children = (
				5C534D05174CEBA6006A2B7B /* AppKit.framework */,
				5C534D06174CEBA6006A2B7B /* CoreData.framework */,
				5C534D07174CEBA6006A2B7B /* Foundation.framework */,
			);
			name = "Other Frameworks";
			sourceTree = "<group>";
		};
		5C534D08174CEBA6006A2B7B /* Source */ = {
			isa = PBXGroup;
			children = (
				5C534D14174CEBA7006A2B7B /* AppDelegate.h */,
				5C534D15174CEBA7006A2B7B /* AppDelegate.m */,
				5C534D23174CEC9F006A2B7B /* AppController.h */,
				5C534D24174CEC9F006A2B7B /* AppController.m */,
				5C37CD8D1999B5990059D663 /* Main.xib */,
				5C8019D51999995B004F84CC /* SmpteFormatter */,
				5C8019D91999A200004F84CC /* SmpteTextField */,
				5C534D09174CEBA6006A2B7B /* Supporting Files */,
			);
			name = Source;
			path = SmpteFormatter;
			sourceTree = "<group>";
		};
		5C534D09174CEBA6006A2B7B /* Supporting Files */ = {
			isa = PBXGroup;
			children = (
				5C534D0A174CEBA6006A2B7B /* SmpteFormatter-Info.plist */,
				5C534D0B174CEBA6006A2B7B /* InfoPlist.strings */,
				5C534D0E174CEBA7006A2B7B /* main.m */,
				5C534D10174CEBA7006A2B7B /* SmpteFormatter-Prefix.pch */,
			);
			name = "Supporting Files";
			sourceTree = "<group>";
		};
		5C8019D51999995B004F84CC /* SmpteFormatter */ = {
			isa = PBXGroup;
			children = (
				5C8019D61999998A004F84CC /* CFSmpteFormatter.h */,
				5C8019D71999998A004F84CC /* CFSmpteFormatter.m */,
			);
			name = SmpteFormatter;
			sourceTree = "<group>";
		};
		5C8019D91999A200004F84CC /* SmpteTextField */ = {
			isa = PBXGroup;
			children = (
				5C8019DA1999A22A004F84CC /* CFSmpteTextField.h */,
				5C8019DB1999A22A004F84CC /* CFSmpteTextField.m */,
			);
			name = SmpteTextField;
			sourceTree = "<group>";
		};
/* End PBXGroup section */

/* Begin PBXNativeTarget section */
		5C534CFE174CEBA6006A2B7B /* SmpteFormatter */ = {
			isa = PBXNativeTarget;
			buildConfigurationList = 5C534D1C174CEBA7006A2B7B /* Build configuration list for PBXNativeTarget "SmpteFormatter" */;
			buildPhases = (
				5C534CFB174CEBA6006A2B7B /* Sources */,
				5C534CFC174CEBA6006A2B7B /* Frameworks */,
				5C534CFD174CEBA6006A2B7B /* Resources */,
			);
			buildRules = (
			);
			dependencies = (
			);
			name = SmpteFormatter;
			productName = SmpteFormatter;
			productReference = 5C534CFF174CEBA6006A2B7B /* SmpteFormatter.app */;
			productType = "com.apple.product-type.application";
		};
/* End PBXNativeTarget section */

/* Begin PBXProject section */
		5C534CF7174CEBA6006A2B7B /* Project object */ = {
			isa = PBXProject;
			attributes = {
				LastUpgradeCheck = 0510;
				ORGANIZATIONNAME = "Rainland Audio";
			};
			buildConfigurationList = 5C534CFA174CEBA6006A2B7B /* Build configuration list for PBXProject "SmpteFormatter" */;
			compatibilityVersion = "Xcode 3.2";
			developmentRegion = English;
			hasScannedForEncodings = 0;
			knownRegions = (
				en,
			);
			mainGroup = 5C534CF6174CEBA6006A2B7B;
			productRefGroup = 5C534D00174CEBA6006A2B7B /* Products */;
			projectDirPath = "";
			projectRoot = "";
			targets = (
				5C534CFE174CEBA6006A2B7B /* SmpteFormatter */,
			);
		};
/* End PBXProject section */

/* Begin PBXResourcesBuildPhase section */
		5C534CFD174CEBA6006A2B7B /* Resources */ = {
			isa = PBXResourcesBuildPhase;
			buildActionMask = 2147483647;
			files = (
				5C534D0D174CEBA6006A2B7B /* InfoPlist.strings in Resources */,
				5C37CD8B1999B5990059D663 /* Main.xib in Resources */,
			);
			runOnlyForDeploymentPostprocessing = 0;
		};
/* End PBXResourcesBuildPhase section */

/* Begin PBXSourcesBuildPhase section */
		5C534CFB174CEBA6006A2B7B /* Sources */ = {
			isa = PBXSourcesBuildPhase;
			buildActionMask = 2147483647;
			files = (
				5C37CD461999B1CE0059D663 /* main.m in Sources */,
				5C37CD421999B1C00059D663 /* AppDelegate.m in Sources */,
				5C37CD431999B1C20059D663 /* AppController.m in Sources */,
				5C37CD441999B1C50059D663 /* CFSmpteFormatter.m in Sources */,
				5C37CD451999B1C90059D663 /* CFSmpteTextField.m in Sources */,
			);
			runOnlyForDeploymentPostprocessing = 0;
		};
/* End PBXSourcesBuildPhase section */

/* Begin PBXVariantGroup section */
		5C37CD8D1999B5990059D663 /* Main.xib */ = {
			isa = PBXVariantGroup;
			children = (
				5C37CD8C1999B5990059D663 /* en */,
			);
			name = Main.xib;
			path = Source;
			sourceTree = SOURCE_ROOT;
		};
		5C534D0B174CEBA6006A2B7B /* InfoPlist.strings */ = {
			isa = PBXVariantGroup;
			children = (
				5C534D0C174CEBA6006A2B7B /* en */,
			);
			name = InfoPlist.strings;
			path = Source;
			sourceTree = SOURCE_ROOT;
		};
/* End PBXVariantGroup section */

/* Begin XCBuildConfiguration section */
		5C534D1A174CEBA7006A2B7B /* Debug */ = {
			isa = XCBuildConfiguration;
			buildSettings = {
				ALWAYS_SEARCH_USER_PATHS = NO;
				CLANG_CXX_LANGUAGE_STANDARD = "gnu++0x";
				CLANG_CXX_LIBRARY = "libc++";
				CLANG_ENABLE_OBJC_ARC = YES;
				CLANG_WARN_CONSTANT_CONVERSION = YES;
				CLANG_WARN_EMPTY_BODY = YES;
				CLANG_WARN_ENUM_CONVERSION = YES;
				CLANG_WARN_INT_CONVERSION = YES;
				CLANG_WARN__DUPLICATE_METHOD_MATCH = YES;
				COPY_PHASE_STRIP = NO;
				GCC_C_LANGUAGE_STANDARD = gnu99;
				GCC_DYNAMIC_NO_PIC = NO;
				GCC_ENABLE_OBJC_EXCEPTIONS = YES;
				GCC_OPTIMIZATION_LEVEL = 0;
				GCC_PREPROCESSOR_DEFINITIONS = (
					"DEBUG=1",
					"$(inherited)",
				);
				GCC_SYMBOLS_PRIVATE_EXTERN = NO;
				GCC_WARN_64_TO_32_BIT_CONVERSION = YES;
				GCC_WARN_ABOUT_RETURN_TYPE = YES;
				GCC_WARN_UNINITIALIZED_AUTOS = YES;
				GCC_WARN_UNUSED_VARIABLE = YES;
				MACOSX_DEPLOYMENT_TARGET = 10.8;
				ONLY_ACTIVE_ARCH = YES;
				SDKROOT = macosx;
			};
			name = Debug;
		};
		5C534D1B174CEBA7006A2B7B /* Release */ = {
			isa = XCBuildConfiguration;
			buildSettings = {
				ALWAYS_SEARCH_USER_PATHS = NO;
				CLANG_CXX_LANGUAGE_STANDARD = "gnu++0x";
				CLANG_CXX_LIBRARY = "libc++";
				CLANG_ENABLE_OBJC_ARC = YES;
				CLANG_WARN_CONSTANT_CONVERSION = YES;
				CLANG_WARN_EMPTY_BODY = YES;
				CLANG_WARN_ENUM_CONVERSION = YES;
				CLANG_WARN_INT_CONVERSION = YES;
				CLANG_WARN__DUPLICATE_METHOD_MATCH = YES;
				COPY_PHASE_STRIP = YES;
				DEBUG_INFORMATION_FORMAT = "dwarf-with-dsym";
				GCC_C_LANGUAGE_STANDARD = gnu99;
				GCC_ENABLE_OBJC_EXCEPTIONS = YES;
				GCC_WARN_64_TO_32_BIT_CONVERSION = YES;
				GCC_WARN_ABOUT_RETURN_TYPE = YES;
				GCC_WARN_UNINITIALIZED_AUTOS = YES;
				GCC_WARN_UNUSED_VARIABLE = YES;
				MACOSX_DEPLOYMENT_TARGET = 10.8;
				SDKROOT = macosx;
			};
			name = Release;
		};
		5C534D1D174CEBA7006A2B7B /* Debug */ = {
			isa = XCBuildConfiguration;
			buildSettings = {
				COMBINE_HIDPI_IMAGES = YES;
				GCC_PRECOMPILE_PREFIX_HEADER = YES;
				GCC_PREFIX_HEADER = "Source/SmpteFormatter-Prefix.pch";
				INFOPLIST_FILE = "Source/SmpteFormatter-Info.plist";
				PRODUCT_NAME = "$(TARGET_NAME)";
				WRAPPER_EXTENSION = app;
			};
			name = Debug;
		};
		5C534D1E174CEBA7006A2B7B /* Release */ = {
			isa = XCBuildConfiguration;
			buildSettings = {
				COMBINE_HIDPI_IMAGES = YES;
				GCC_PRECOMPILE_PREFIX_HEADER = YES;
				GCC_PREFIX_HEADER = "Source/SmpteFormatter-Prefix.pch";
				INFOPLIST_FILE = "Source/SmpteFormatter-Info.plist";
				PRODUCT_NAME = "$(TARGET_NAME)";
				WRAPPER_EXTENSION = app;
			};
			name = Release;
		};
/* End XCBuildConfiguration section */

/* Begin XCConfigurationList section */
		5C534CFA174CEBA6006A2B7B /* Build configuration list for PBXProject "SmpteFormatter" */ = {
			isa = XCConfigurationList;
			buildConfigurations = (
				5C534D1A174CEBA7006A2B7B /* Debug */,
				5C534D1B174CEBA7006A2B7B /* Release */,
			);
			defaultConfigurationIsVisible = 0;
			defaultConfigurationName = Release;
		};
		5C534D1C174CEBA7006A2B7B /* Build configuration list for PBXNativeTarget "SmpteFormatter" */ = {
			isa = XCConfigurationList;
			buildConfigurations = (
				5C534D1D174CEBA7006A2B7B /* Debug */,
				5C534D1E174CEBA7006A2B7B /* Release */,
			);
			defaultConfigurationIsVisible = 0;
			defaultConfigurationName = Release;
		};
/* End XCConfigurationList section */
	};
	rootObject = 5C534CF7174CEBA6006A2B7B /* Project object */;
}
